{
  "originHash" : "b68c973e78e301de37753c919a62c1dda9a70e82a8dbd432336372a4edf9b951",
  "pins" : [
    {
      "identity" : "swift-nio",
      "kind" : "remoteSourceControl",
      "location" : "https://github.com/apple/swift-nio.git",
      "state" : {
        "revision" : "6aa9347d9bc5bbfe6a84983aec955c17ffea96ef",
        "version" : "2.33.0"
      }
    }
  ],
  "version" : 3
}
